
Microsoft Visual Studio Solution File, Format Version 12.00
# Visual Studio Version 16
VisualStudioVersion = 16.0.30503.244
MinimumVisualStudioVersion = 10.0.40219.1
Project("{FAE04EC0-301F-11D3-BF4B-00C04F79EFBC}") = "MangaZipRecomposer", "MangaZipRecomposer\MangaZipRecomposer.csproj", "{EFF4F0E5-016E-49EA-96E7-560B00321DEF}"
EndProject
Global
	GlobalSection(SolutionConfigurationPlatforms) = preSolution
		Debug|Any CPU = Debug|Any CPU
		Release|Any CPU = Release|Any CPU
	EndGlobalSection
	GlobalSection(ProjectConfigurationPlatforms) = postSolution
		{EFF4F0E5-016E-49EA-96E7-560B00321DEF}.Debug|Any CPU.ActiveCfg = Debug|Any CPU
		{EFF4F0E5-016E-49EA-96E7-560B00321DEF}.Debug|Any CPU.Build.0 = Debug|Any CPU
		{EFF4F0E5-016E-49EA-96E7-560B00321DEF}.Release|Any CPU.ActiveCfg = Release|Any CPU
		{EFF4F0E5-016E-49EA-96E7-560B00321DEF}.Release|Any CPU.Build.0 = Release|Any CPU
	EndGlobalSection
	GlobalSection(SolutionProperties) = preSolution
		HideSolutionNode = FALSE
	EndGlobalSection
	GlobalSection(ExtensibilityGlobals) = postSolution
		SolutionGuid = {05CF0DCC-90F0-4B1C-9C5F-4B4187BA9328}
	EndGlobalSection
EndGlobal
